{
  "lockfileVersion": 1,
  "configVersion": 1,
  "workspaces": {
    "": {
      "name": "cv",
      "dependencies": {
        "@chenglou/pretext": "^0.0.8",
        "hyphen": "^1.14.1",
      },
      "devDependencies": {
        "typescript": "^6.0.3",
      },
    },
  },
  "packages": {
    "@chenglou/pretext": ["@chenglou/pretext@0.0.8", "", {}, "sha512-yqm2GMxnPI7VHcHwe84P8ZF0JK/2d2DMKPqMN+s95jQhwDMYYXKVFVJUMEaVWckQStdsjdLav/0Vu+d9YbtGxA=="],

    "hyphen": ["hyphen@1.14.1", "", {}, "sha512-kvL8xYl5QMTh+LwohVN72ciOxC0OEV79IPdJSTwEXok9y9QHebXGdFgrED4sWfiax/ODx++CAMk3hMy4XPJPOw=="],

    "typescript": ["typescript@6.0.3", "", { "bin": { "tsc": "bin/tsc", "tsserver": "bin/tsserver" } }, "sha512-y2TvuxSZPDyQakkFRPZHKFm+KKVqIisdg9/CZwm9ftvKXLP8NRWj38/ODjNbr43SsoXqNuAisEf1GdCxqWcdBw=="],
  }
}
